// !$*UTF8*$!
{
	archiveVersion = 1;
	classes = {
	};
	objectVersion = 56;
	objects = {

/* Begin PBXBuildFile section */
		D90AB93D2AF2732400F36477 /* LandmarksApp.swift in Sources */ = {isa = PBXBuildFile; fileRef = D90AB93C2AF2732400F36477 /* LandmarksApp.swift */; };
		D90AB93F2AF2732400F36477 /* ContentView.swift in Sources */ = {isa = PBXBuildFile; fileRef = D90AB93E2AF2732400F36477 /* ContentView.swift */; };
		D90AB9412AF2732500F36477 /* Assets.xcassets in Resources */ = {isa = PBXBuildFile; fileRef = D90AB9402AF2732500F36477 /* Assets.xcassets */; };
		D90AB9442AF2732500F36477 /* Preview Assets.xcassets in Resources */ = {isa = PBXBuildFile; fileRef = D90AB9432AF2732500F36477 /* Preview Assets.xcassets */; };
		D90AB94D2AF3AD7800F36477 /* CircleImage.swift in Sources */ = {isa = PBXBuildFile; fileRef = D90AB94C2AF3AD7800F36477 /* CircleImage.swift */; };
		D90AB94F2AF3B19000F36477 /* MapView.swift in Sources */ = {isa = PBXBuildFile; fileRef = D90AB94E2AF3B19000F36477 /* MapView.swift */; };
		D983E5F42AF61F610026B7B9 /* landmarkData.json in Resources */ = {isa = PBXBuildFile; fileRef = D983E5F32AF61F610026B7B9 /* landmarkData.json */; };
		D983E5F62AF61FD00026B7B9 /* Landmark.swift in Sources */ = {isa = PBXBuildFile; fileRef = D983E5F52AF61FD00026B7B9 /* Landmark.swift */; };
		D983E5F82AF621A50026B7B9 /* ModelData.swift in Sources */ = {isa = PBXBuildFile; fileRef = D983E5F72AF621A50026B7B9 /* ModelData.swift */; };
		D983E6042AF633580026B7B9 /* LandmarkRow.swift in Sources */ = {isa = PBXBuildFile; fileRef = D983E6032AF633580026B7B9 /* LandmarkRow.swift */; };
		D983E6062AF636690026B7B9 /* LandmarkList.swift in Sources */ = {isa = PBXBuildFile; fileRef = D983E6052AF636690026B7B9 /* LandmarkList.swift */; };
		D983E6082AF6384B0026B7B9 /* LandmarkDetail.swift in Sources */ = {isa = PBXBuildFile; fileRef = D983E6072AF6384B0026B7B9 /* LandmarkDetail.swift */; };
		D9CF80092AF6BDFB006F5020 /* FavoriteButton.swift in Sources */ = {isa = PBXBuildFile; fileRef = D9CF80082AF6BDFB006F5020 /* FavoriteButton.swift */; };
		D9CF800D2AF775DC006F5020 /* HexagonParameters.swift in Sources */ = {isa = PBXBuildFile; fileRef = D9CF800C2AF775DC006F5020 /* HexagonParameters.swift */; };
		D9CF800F2AF776ED006F5020 /* BadgeBackground.swift in Sources */ = {isa = PBXBuildFile; fileRef = D9CF800E2AF776ED006F5020 /* BadgeBackground.swift */; };
		D9CF80112AF7F93E006F5020 /* BadgeSymbol.swift in Sources */ = {isa = PBXBuildFile; fileRef = D9CF80102AF7F93E006F5020 /* BadgeSymbol.swift */; };
		D9CF80132AF7FF21006F5020 /* RotatedBadgeSymbol.swift in Sources */ = {isa = PBXBuildFile; fileRef = D9CF80122AF7FF21006F5020 /* RotatedBadgeSymbol.swift */; };
		D9CF80152AF80135006F5020 /* Badge.swift in Sources */ = {isa = PBXBuildFile; fileRef = D9CF80142AF80135006F5020 /* Badge.swift */; };
/* End PBXBuildFile section */

/* Begin PBXFileReference section */
		D90AB9392AF2732400F36477 /* Landmarks.app */ = {isa = PBXFileReference; explicitFileType = wrapper.application; includeInIndex = 0; path = Landmarks.app; sourceTree = BUILT_PRODUCTS_DIR; };
		D90AB93C2AF2732400F36477 /* LandmarksApp.swift */ = {isa = PBXFileReference; lastKnownFileType = sourcecode.swift; path = LandmarksApp.swift; sourceTree = "<group>"; };
		D90AB93E2AF2732400F36477 /* ContentView.swift */ = {isa = PBXFileReference; lastKnownFileType = sourcecode.swift; path = ContentView.swift; sourceTree = "<group>"; };
		D90AB9402AF2732500F36477 /* Assets.xcassets */ = {isa = PBXFileReference; lastKnownFileType = folder.assetcatalog; path = Assets.xcassets; sourceTree = "<group>"; };
		D90AB9432AF2732500F36477 /* Preview Assets.xcassets */ = {isa = PBXFileReference; lastKnownFileType = folder.assetcatalog; path = "Preview Assets.xcassets"; sourceTree = "<group>"; };
		D90AB94C2AF3AD7800F36477 /* CircleImage.swift */ = {isa = PBXFileReference; lastKnownFileType = sourcecode.swift; path = CircleImage.swift; sourceTree = "<group>"; };
		D90AB94E2AF3B19000F36477 /* MapView.swift */ = {isa = PBXFileReference; lastKnownFileType = sourcecode.swift; path = MapView.swift; sourceTree = "<group>"; };
		D983E5F32AF61F610026B7B9 /* landmarkData.json */ = {isa = PBXFileReference; fileEncoding = 4; lastKnownFileType = text.json; path = landmarkData.json; sourceTree = "<group>"; };
		D983E5F52AF61FD00026B7B9 /* Landmark.swift */ = {isa = PBXFileReference; lastKnownFileType = sourcecode.swift; path = Landmark.swift; sourceTree = "<group>"; };
		D983E5F72AF621A50026B7B9 /* ModelData.swift */ = {isa = PBXFileReference; lastKnownFileType = sourcecode.swift; path = ModelData.swift; sourceTree = "<group>"; };
		D983E6032AF633580026B7B9 /* LandmarkRow.swift */ = {isa = PBXFileReference; lastKnownFileType = sourcecode.swift; path = LandmarkRow.swift; sourceTree = "<group>"; };
		D983E6052AF636690026B7B9 /* LandmarkList.swift */ = {isa = PBXFileReference; lastKnownFileType = sourcecode.swift; path = LandmarkList.swift; sourceTree = "<group>"; };
		D983E6072AF6384B0026B7B9 /* LandmarkDetail.swift */ = {isa = PBXFileReference; lastKnownFileType = sourcecode.swift; path = LandmarkDetail.swift; sourceTree = "<group>"; };
		D9CF80082AF6BDFB006F5020 /* FavoriteButton.swift */ = {isa = PBXFileReference; lastKnownFileType = sourcecode.swift; path = FavoriteButton.swift; sourceTree = "<group>"; };
		D9CF800C2AF775DC006F5020 /* HexagonParameters.swift */ = {isa = PBXFileReference; lastKnownFileType = sourcecode.swift; path = HexagonParameters.swift; sourceTree = "<group>"; };
		D9CF800E2AF776ED006F5020 /* BadgeBackground.swift */ = {isa = PBXFileReference; lastKnownFileType = sourcecode.swift; path = BadgeBackground.swift; sourceTree = "<group>"; };
		D9CF80102AF7F93E006F5020 /* BadgeSymbol.swift */ = {isa = PBXFileReference; lastKnownFileType = sourcecode.swift; path = BadgeSymbol.swift; sourceTree = "<group>"; };
		D9CF80122AF7FF21006F5020 /* RotatedBadgeSymbol.swift */ = {isa = PBXFileReference; lastKnownFileType = sourcecode.swift; path = RotatedBadgeSymbol.swift; sourceTree = "<group>"; };
		D9CF80142AF80135006F5020 /* Badge.swift */ = {isa = PBXFileReference; lastKnownFileType = sourcecode.swift; path = Badge.swift; sourceTree = "<group>"; };
/* End PBXFileReference section */

/* Begin PBXFrameworksBuildPhase section */
		D90AB9362AF2732400F36477 /* Frameworks */ = {
			isa = PBXFrameworksBuildPhase;
			buildActionMask = 2147483647;
			files = (
			);
			runOnlyForDeploymentPostprocessing = 0;
		};
/* End PBXFrameworksBuildPhase section */

/* Begin PBXGroup section */
		D90AB9302AF2732400F36477 = {
			isa = PBXGroup;
			children = (
				D90AB93B2AF2732400F36477 /* Landmarks */,
				D90AB93A2AF2732400F36477 /* Products */,
			);
			sourceTree = "<group>";
		};
		D90AB93A2AF2732400F36477 /* Products */ = {
			isa = PBXGroup;
			children = (
				D90AB9392AF2732400F36477 /* Landmarks.app */,
			);
			name = Products;
			sourceTree = "<group>";
		};
		D90AB93B2AF2732400F36477 /* Landmarks */ = {
			isa = PBXGroup;
			children = (
				D90AB93C2AF2732400F36477 /* LandmarksApp.swift */,
				D983E5F92AF623AB0026B7B9 /* Views */,
				D983E5FB2AF624220026B7B9 /* Model */,
				D983E5FC2AF6244F0026B7B9 /* Resources */,
				D90AB9402AF2732500F36477 /* Assets.xcassets */,
				D90AB9422AF2732500F36477 /* Preview Content */,
			);
			path = Landmarks;
			sourceTree = "<group>";
		};
		D90AB9422AF2732500F36477 /* Preview Content */ = {
			isa = PBXGroup;
			children = (
				D90AB9432AF2732500F36477 /* Preview Assets.xcassets */,
			);
			path = "Preview Content";
			sourceTree = "<group>";
		};
		D983E5F92AF623AB0026B7B9 /* Views */ = {
			isa = PBXGroup;
			children = (
				D90AB93E2AF2732400F36477 /* ContentView.swift */,
				D9CF800A2AF6C0BF006F5020 /* Landmarks */,
				D9CF80162AF8038E006F5020 /* Badges */,
				D9CF800B2AF6C0D5006F5020 /* Helper */,
			);
			path = Views;
			sourceTree = "<group>";
		};
		D983E5FB2AF624220026B7B9 /* Model */ = {
			isa = PBXGroup;
			children = (
				D983E5F72AF621A50026B7B9 /* ModelData.swift */,
				D983E5F52AF61FD00026B7B9 /* Landmark.swift */,
			);
			path = Model;
			sourceTree = "<group>";
		};
		D983E5FC2AF6244F0026B7B9 /* Resources */ = {
			isa = PBXGroup;
			children = (
				D983E5F32AF61F610026B7B9 /* landmarkData.json */,
			);
			path = Resources;
			sourceTree = "<group>";
		};
		D9CF800A2AF6C0BF006F5020 /* Landmarks */ = {
			isa = PBXGroup;
			children = (
				D983E6052AF636690026B7B9 /* LandmarkList.swift */,
				D983E6072AF6384B0026B7B9 /* LandmarkDetail.swift */,
				D983E6032AF633580026B7B9 /* LandmarkRow.swift */,
			);
			path = Landmarks;
			sourceTree = "<group>";
		};
		D9CF800B2AF6C0D5006F5020 /* Helper */ = {
			isa = PBXGroup;
			children = (
				D90AB94C2AF3AD7800F36477 /* CircleImage.swift */,
				D90AB94E2AF3B19000F36477 /* MapView.swift */,
				D9CF80082AF6BDFB006F5020 /* FavoriteButton.swift */,
			);
			path = Helper;
			sourceTree = "<group>";
		};
		D9CF80162AF8038E006F5020 /* Badges */ = {
			isa = PBXGroup;
			children = (
				D9CF80142AF80135006F5020 /* Badge.swift */,
				D9CF80102AF7F93E006F5020 /* BadgeSymbol.swift */,
				D9CF800E2AF776ED006F5020 /* BadgeBackground.swift */,
				D9CF800C2AF775DC006F5020 /* HexagonParameters.swift */,
				D9CF80122AF7FF21006F5020 /* RotatedBadgeSymbol.swift */,
			);
			path = Badges;
			sourceTree = "<group>";
		};
/* End PBXGroup section */

/* Begin PBXNativeTarget section */
		D90AB9382AF2732400F36477 /* Landmarks */ = {
			isa = PBXNativeTarget;
			buildConfigurationList = D90AB9472AF2732500F36477 /* Build configuration list for PBXNativeTarget "Landmarks" */;
			buildPhases = (
				D90AB9352AF2732400F36477 /* Sources */,
				D90AB9362AF2732400F36477 /* Frameworks */,
				D90AB9372AF2732400F36477 /* Resources */,
			);
			buildRules = (
			);
			dependencies = (
			);
			name = Landmarks;
			productName = Landmarks;
			productReference = D90AB9392AF2732400F36477 /* Landmarks.app */;
			productType = "com.apple.product-type.application";
		};
/* End PBXNativeTarget section */

/* Begin PBXProject section */
		D90AB9312AF2732400F36477 /* Project object */ = {
			isa = PBXProject;
			attributes = {
				BuildIndependentTargetsInParallel = 1;
				LastSwiftUpdateCheck = 1500;
				LastUpgradeCheck = 1500;
				TargetAttributes = {
					D90AB9382AF2732400F36477 = {
						CreatedOnToolsVersion = 15.0.1;
					};
				};
			};
			buildConfigurationList = D90AB9342AF2732400F36477 /* Build configuration list for PBXProject "Landmarks" */;
			compatibilityVersion = "Xcode 14.0";
			developmentRegion = en;
			hasScannedForEncodings = 0;
			knownRegions = (
				en,
				Base,
			);
			mainGroup = D90AB9302AF2732400F36477;
			productRefGroup = D90AB93A2AF2732400F36477 /* Products */;
			projectDirPath = "";
			projectRoot = "";
			targets = (
				D90AB9382AF2732400F36477 /* Landmarks */,
			);
		};
/* End PBXProject section */

/* Begin PBXResourcesBuildPhase section */
		D90AB9372AF2732400F36477 /* Resources */ = {
			isa = PBXResourcesBuildPhase;
			buildActionMask = 2147483647;
			files = (
				D90AB9442AF2732500F36477 /* Preview Assets.xcassets in Resources */,
				D90AB9412AF2732500F36477 /* Assets.xcassets in Resources */,
				D983E5F42AF61F610026B7B9 /* landmarkData.json in Resources */,
			);
			runOnlyForDeploymentPostprocessing = 0;
		};
/* End PBXResourcesBuildPhase section */

/* Begin PBXSourcesBuildPhase section */
		D90AB9352AF2732400F36477 /* Sources */ = {
			isa = PBXSourcesBuildPhase;
			buildActionMask = 2147483647;
			files = (
				D90AB93F2AF2732400F36477 /* ContentView.swift in Sources */,
				D9CF80152AF80135006F5020 /* Badge.swift in Sources */,
				D90AB94F2AF3B19000F36477 /* MapView.swift in Sources */,
				D90AB93D2AF2732400F36477 /* LandmarksApp.swift in Sources */,
				D9CF80092AF6BDFB006F5020 /* FavoriteButton.swift in Sources */,
				D9CF800D2AF775DC006F5020 /* HexagonParameters.swift in Sources */,
				D9CF80132AF7FF21006F5020 /* RotatedBadgeSymbol.swift in Sources */,
				D9CF80112AF7F93E006F5020 /* BadgeSymbol.swift in Sources */,
				D983E6062AF636690026B7B9 /* LandmarkList.swift in Sources */,
				D983E6082AF6384B0026B7B9 /* LandmarkDetail.swift in Sources */,
				D9CF800F2AF776ED006F5020 /* BadgeBackground.swift in Sources */,
				D90AB94D2AF3AD7800F36477 /* CircleImage.swift in Sources */,
				D983E5F62AF61FD00026B7B9 /* Landmark.swift in Sources */,
				D983E6042AF633580026B7B9 /* LandmarkRow.swift in Sources */,
				D983E5F82AF621A50026B7B9 /* ModelData.swift in Sources */,
			);
			runOnlyForDeploymentPostprocessing = 0;
		};
/* End PBXSourcesBuildPhase section */

/* Begin XCBuildConfiguration section */
		D90AB9452AF2732500F36477 /* Debug */ = {
			isa = XCBuildConfiguration;
			buildSettings = {
				ALWAYS_SEARCH_USER_PATHS = NO;
				ASSETCATALOG_COMPILER_GENERATE_SWIFT_ASSET_SYMBOL_EXTENSIONS = YES;
				CLANG_ANALYZER_NONNULL = YES;
				CLANG_ANALYZER_NUMBER_OBJECT_CONVERSION = YES_AGGRESSIVE;
				CLANG_CXX_LANGUAGE_STANDARD = "gnu++20";
				CLANG_ENABLE_MODULES = YES;
				CLANG_ENABLE_OBJC_ARC = YES;
				CLANG_ENABLE_OBJC_WEAK = YES;
				CLANG_WARN_BLOCK_CAPTURE_AUTORELEASING = YES;
				CLANG_WARN_BOOL_CONVERSION = YES;
				CLANG_WARN_COMMA = YES;
				CLANG_WARN_CONSTANT_CONVERSION = YES;
				CLANG_WARN_DEPRECATED_OBJC_IMPLEMENTATIONS = YES;
				CLANG_WARN_DIRECT_OBJC_ISA_USAGE = YES_ERROR;
				CLANG_WARN_DOCUMENTATION_COMMENTS = YES;
				CLANG_WARN_EMPTY_BODY = YES;
				CLANG_WARN_ENUM_CONVERSION = YES;
				CLANG_WARN_INFINITE_RECURSION = YES;
				CLANG_WARN_INT_CONVERSION = YES;
				CLANG_WARN_NON_LITERAL_NULL_CONVERSION = YES;
				CLANG_WARN_OBJC_IMPLICIT_RETAIN_SELF = YES;
				CLANG_WARN_OBJC_LITERAL_CONVERSION = YES;
				CLANG_WARN_OBJC_ROOT_CLASS = YES_ERROR;
				CLANG_WARN_QUOTED_INCLUDE_IN_FRAMEWORK_HEADER = YES;
				CLANG_WARN_RANGE_LOOP_ANALYSIS = YES;
				CLANG_WARN_STRICT_PROTOTYPES = YES;
				CLANG_WARN_SUSPICIOUS_MOVE = YES;
				CLANG_WARN_UNGUARDED_AVAILABILITY = YES_AGGRESSIVE;
				CLANG_WARN_UNREACHABLE_CODE = YES;
				CLANG_WARN__DUPLICATE_METHOD_MATCH = YES;
				COPY_PHASE_STRIP = NO;
				DEBUG_INFORMATION_FORMAT = dwarf;
				ENABLE_STRICT_OBJC_MSGSEND = YES;
				ENABLE_TESTABILITY = YES;
				ENABLE_USER_SCRIPT_SANDBOXING = YES;
				GCC_C_LANGUAGE_STANDARD = gnu17;
				GCC_DYNAMIC_NO_PIC = NO;
				GCC_NO_COMMON_BLOCKS = YES;
				GCC_OPTIMIZATION_LEVEL = 0;
				GCC_PREPROCESSOR_DEFINITIONS = (
					"DEBUG=1",
					"$(inherited)",
				);
				GCC_WARN_64_TO_32_BIT_CONVERSION = YES;
				GCC_WARN_ABOUT_RETURN_TYPE = YES_ERROR;
				GCC_WARN_UNDECLARED_SELECTOR = YES;
				GCC_WARN_UNINITIALIZED_AUTOS = YES_AGGRESSIVE;
				GCC_WARN_UNUSED_FUNCTION = YES;
				GCC_WARN_UNUSED_VARIABLE = YES;
				IPHONEOS_DEPLOYMENT_TARGET = 17.0;
				LOCALIZATION_PREFERS_STRING_CATALOGS = YES;
				MTL_ENABLE_DEBUG_INFO = INCLUDE_SOURCE;
				MTL_FAST_MATH = YES;
				ONLY_ACTIVE_ARCH = YES;
				SDKROOT = iphoneos;
				SWIFT_ACTIVE_COMPILATION_CONDITIONS = "DEBUG $(inherited)";
				SWIFT_OPTIMIZATION_LEVEL = "-Onone";
			};
			name = Debug;
		};
		D90AB9462AF2732500F36477 /* Release */ = {
			isa = XCBuildConfiguration;
			buildSettings = {
				ALWAYS_SEARCH_USER_PATHS = NO;
				ASSETCATALOG_COMPILER_GENERATE_SWIFT_ASSET_SYMBOL_EXTENSIONS = YES;
				CLANG_ANALYZER_NONNULL = YES;
				CLANG_ANALYZER_NUMBER_OBJECT_CONVERSION = YES_AGGRESSIVE;
				CLANG_CXX_LANGUAGE_STANDARD = "gnu++20";
				CLANG_ENABLE_MODULES = YES;
				CLANG_ENABLE_OBJC_ARC = YES;
				CLANG_ENABLE_OBJC_WEAK = YES;
				CLANG_WARN_BLOCK_CAPTURE_AUTORELEASING = YES;
				CLANG_WARN_BOOL_CONVERSION = YES;
				CLANG_WARN_COMMA = YES;
				CLANG_WARN_CONSTANT_CONVERSION = YES;
				CLANG_WARN_DEPRECATED_OBJC_IMPLEMENTATIONS = YES;
				CLANG_WARN_DIRECT_OBJC_ISA_USAGE = YES_ERROR;
				CLANG_WARN_DOCUMENTATION_COMMENTS = YES;
				CLANG_WARN_EMPTY_BODY = YES;
				CLANG_WARN_ENUM_CONVERSION = YES;
				CLANG_WARN_INFINITE_RECURSION = YES;
				CLANG_WARN_INT_CONVERSION = YES;
				CLANG_WARN_NON_LITERAL_NULL_CONVERSION = YES;
				CLANG_WARN_OBJC_IMPLICIT_RETAIN_SELF = YES;
				CLANG_WARN_OBJC_LITERAL_CONVERSION = YES;
				CLANG_WARN_OBJC_ROOT_CLASS = YES_ERROR;
				CLANG_WARN_QUOTED_INCLUDE_IN_FRAMEWORK_HEADER = YES;
				CLANG_WARN_RANGE_LOOP_ANALYSIS = YES;
				CLANG_WARN_STRICT_PROTOTYPES = YES;
				CLANG_WARN_SUSPICIOUS_MOVE = YES;
				CLANG_WARN_UNGUARDED_AVAILABILITY = YES_AGGRESSIVE;
				CLANG_WARN_UNREACHABLE_CODE = YES;
				CLANG_WARN__DUPLICATE_METHOD_MATCH = YES;
				COPY_PHASE_STRIP = NO;
				DEBUG_INFORMATION_FORMAT = "dwarf-with-dsym";
				ENABLE_NS_ASSERTIONS = NO;
				ENABLE_STRICT_OBJC_MSGSEND = YES;
				ENABLE_USER_SCRIPT_SANDBOXING = YES;
				GCC_C_LANGUAGE_STANDARD = gnu17;
				GCC_NO_COMMON_BLOCKS = YES;
				GCC_WARN_64_TO_32_BIT_CONVERSION = YES;
				GCC_WARN_ABOUT_RETURN_TYPE = YES_ERROR;
				GCC_WARN_UNDECLARED_SELECTOR = YES;
				GCC_WARN_UNINITIALIZED_AUTOS = YES_AGGRESSIVE;
				GCC_WARN_UNUSED_FUNCTION = YES;
				GCC_WARN_UNUSED_VARIABLE = YES;
				IPHONEOS_DEPLOYMENT_TARGET = 17.0;
				LOCALIZATION_PREFERS_STRING_CATALOGS = YES;
				MTL_ENABLE_DEBUG_INFO = NO;
				MTL_FAST_MATH = YES;
				SDKROOT = iphoneos;
				SWIFT_COMPILATION_MODE = wholemodule;
				VALIDATE_PRODUCT = YES;
			};
			name = Release;
		};
		D90AB9482AF2732500F36477 /* Debug */ = {
			isa = XCBuildConfiguration;
			buildSettings = {
				ASSETCATALOG_COMPILER_APPICON_NAME = AppIcon;
				ASSETCATALOG_COMPILER_GLOBAL_ACCENT_COLOR_NAME = AccentColor;
				CODE_SIGN_STYLE = Automatic;
				CURRENT_PROJECT_VERSION = 1;
				DEVELOPMENT_ASSET_PATHS = "\"Landmarks/Preview Content\"";
				ENABLE_PREVIEWS = YES;
				GENERATE_INFOPLIST_FILE = YES;
				INFOPLIST_KEY_UIApplicationSceneManifest_Generation = YES;
				INFOPLIST_KEY_UIApplicationSupportsIndirectInputEvents = YES;
				INFOPLIST_KEY_UILaunchScreen_Generation = YES;
				INFOPLIST_KEY_UISupportedInterfaceOrientations_iPad = "UIInterfaceOrientationPortrait UIInterfaceOrientationPortraitUpsideDown UIInterfaceOrientationLandscapeLeft UIInterfaceOrientationLandscapeRight";
				INFOPLIST_KEY_UISupportedInterfaceOrientations_iPhone = "UIInterfaceOrientationPortrait UIInterfaceOrientationLandscapeLeft UIInterfaceOrientationLandscapeRight";
				LD_RUNPATH_SEARCH_PATHS = (
					"$(inherited)",
					"@executable_path/Frameworks",
				);
				MARKETING_VERSION = 1.0;
				PRODUCT_BUNDLE_IDENTIFIER = "com.Kanishq-Mehta.Landmarks";
				PRODUCT_NAME = "$(TARGET_NAME)";
				SWIFT_EMIT_LOC_STRINGS = YES;
				SWIFT_VERSION = 5.0;
				TARGETED_DEVICE_FAMILY = "1,2";
			};
			name = Debug;
		};
		D90AB9492AF2732500F36477 /* Release */ = {
			isa = XCBuildConfiguration;
			buildSettings = {
				ASSETCATALOG_COMPILER_APPICON_NAME = AppIcon;
				ASSETCATALOG_COMPILER_GLOBAL_ACCENT_COLOR_NAME = AccentColor;
				CODE_SIGN_STYLE = Automatic;
				CURRENT_PROJECT_VERSION = 1;
				DEVELOPMENT_ASSET_PATHS = "\"Landmarks/Preview Content\"";
				ENABLE_PREVIEWS = YES;
				GENERATE_INFOPLIST_FILE = YES;
				INFOPLIST_KEY_UIApplicationSceneManifest_Generation = YES;
				INFOPLIST_KEY_UIApplicationSupportsIndirectInputEvents = YES;
				INFOPLIST_KEY_UILaunchScreen_Generation = YES;
				INFOPLIST_KEY_UISupportedInterfaceOrientations_iPad = "UIInterfaceOrientationPortrait UIInterfaceOrientationPortraitUpsideDown UIInterfaceOrientationLandscapeLeft UIInterfaceOrientationLandscapeRight";
				INFOPLIST_KEY_UISupportedInterfaceOrientations_iPhone = "UIInterfaceOrientationPortrait UIInterfaceOrientationLandscapeLeft UIInterfaceOrientationLandscapeRight";
				LD_RUNPATH_SEARCH_PATHS = (
					"$(inherited)",
					"@executable_path/Frameworks",
				);
				MARKETING_VERSION = 1.0;
				PRODUCT_BUNDLE_IDENTIFIER = "com.Kanishq-Mehta.Landmarks";
				PRODUCT_NAME = "$(TARGET_NAME)";
				SWIFT_EMIT_LOC_STRINGS = YES;
				SWIFT_VERSION = 5.0;
				TARGETED_DEVICE_FAMILY = "1,2";
			};
			name = Release;
		};
/* End XCBuildConfiguration section */

/* Begin XCConfigurationList section */
		D90AB9342AF2732400F36477 /* Build configuration list for PBXProject "Landmarks" */ = {
			isa = XCConfigurationList;
			buildConfigurations = (
				D90AB9452AF2732500F36477 /* Debug */,
				D90AB9462AF2732500F36477 /* Release */,
			);
			defaultConfigurationIsVisible = 0;
			defaultConfigurationName = Release;
		};
		D90AB9472AF2732500F36477 /* Build configuration list for PBXNativeTarget "Landmarks" */ = {
			isa = XCConfigurationList;
			buildConfigurations = (
				D90AB9482AF2732500F36477 /* Debug */,
				D90AB9492AF2732500F36477 /* Release */,
			);
			defaultConfigurationIsVisible = 0;
			defaultConfigurationName = Release;
		};
/* End XCConfigurationList section */
	};
	rootObject = D90AB9312AF2732400F36477 /* Project object */;
}
